{
  "name": "task-board",
  "lockfileVersion": 2,
  "requires": true,
  "packages": {
    "": {
      "dependencies": {
        "jquery": "^3.6.2",
        "jquery-ui": "^1.13.2",
        "jqueryui": "^1.11.1"
      }
    },
    "node_modules/jquery": {
      "version": "3.6.2",
      "resolved": "https://registry.npmjs.org/jquery/-/jquery-3.6.2.tgz",
      "integrity": "sha512-/e7ulNIEEYk1Z/l4X0vpxGt+B/dNsV8ghOPAWZaJs8pkGvsSC0tm33aMGylXcj/U7y4IcvwtMXPMyBFZn/gK9A=="
    },
    "node_modules/jquery-ui": {
      "version": "1.13.2",
      "resolved": "https://registry.npmjs.org/jquery-ui/-/jquery-ui-1.13.2.tgz",
      "integrity": "sha512-wBZPnqWs5GaYJmo1Jj0k/mrSkzdQzKDwhXNtHKcBdAcKVxMM3KNYFq+iJ2i1rwiG53Z8M4mTn3Qxrm17uH1D4Q==",
      "dependencies": {
        "jquery": ">=1.8.0 <4.0.0"
      }
    },
    "node_modules/jqueryui": {
      "version": "1.11.1",
      "resolved": "https://registry.npmjs.org/jqueryui/-/jqueryui-1.11.1.tgz",
      "integrity": "sha512-w3k80seYwcirTMG7fhd1MfqYx2dMO9fEi+I0vUN5hbX5+y7YIWySJkFsCBj4UBNuFcYOfUk6I63sUG/hCawdZA=="
    }
  },
  "dependencies": {
    "jquery": {
      "version": "3.6.2",
      "resolved": "https://registry.npmjs.org/jquery/-/jquery-3.6.2.tgz",
      "integrity": "sha512-/e7ulNIEEYk1Z/l4X0vpxGt+B/dNsV8ghOPAWZaJs8pkGvsSC0tm33aMGylXcj/U7y4IcvwtMXPMyBFZn/gK9A=="
    },
    "jquery-ui": {
      "version": "1.13.2",
      "resolved": "https://registry.npmjs.org/jquery-ui/-/jquery-ui-1.13.2.tgz",
      "integrity": "sha512-wBZPnqWs5GaYJmo1Jj0k/mrSkzdQzKDwhXNtHKcBdAcKVxMM3KNYFq+iJ2i1rwiG53Z8M4mTn3Qxrm17uH1D4Q==",
      "requires": {
        "jquery": ">=1.8.0 <4.0.0"
      }
    },
    "jqueryui": {
      "version": "1.11.1",
      "resolved": "https://registry.npmjs.org/jqueryui/-/jqueryui-1.11.1.tgz",
      "integrity": "sha512-w3k80seYwcirTMG7fhd1MfqYx2dMO9fEi+I0vUN5hbX5+y7YIWySJkFsCBj4UBNuFcYOfUk6I63sUG/hCawdZA=="
    }
  }
}
